<?xml version="1.0" encoding="utf-8"?>
<Project ToolsVersion="4.0" xmlns="http://schemas.microsoft.com/developer/msbuild/2003">
  <ItemGroup>
    <Filter Include="win32">
      <UniqueIdentifier>{84a8ebd7-7cf0-47f6-b75e-d441df67da40}</UniqueIdentifier>
    </Filter>
    <Filter Include="Classes">
      <UniqueIdentifier>{bb6c862e-70e9-49d9-81b7-3829a6f50471}</UniqueIdentifier>
    </Filter>
    <Filter Include="resource">
      <UniqueIdentifier>{715254bc-d70b-4ec5-bf29-467dd3ace079}</UniqueIdentifier>
    </Filter>
    <Filter Include="Classes\Tab">
      <UniqueIdentifier>{8a05b1f1-ca4c-42c0-a7e3-56cdc52fe3ed}</UniqueIdentifier>
    </Filter>
    <Filter Include="Classes\Window">
      <UniqueIdentifier>{0da57f66-781a-4c00-80ce-3bc4be54dd75}</UniqueIdentifier>
    </Filter>
    <Filter Include="Classes\Manager">
      <UniqueIdentifier>{4f631fd5-1ddf-4f85-a732-e624d323df41}</UniqueIdentifier>
    </Filter>
    <Filter Include="Classes\Util">
      <UniqueIdentifier>{4754f3db-710d-42f5-b9f1-97f2374019a1}</UniqueIdentifier>
    </Filter>
    <Filter Include="Classes\Scene&amp;Layer">
      <UniqueIdentifier>{fbf74a59-e0dc-4507-90cd-553b878ec677}</UniqueIdentifier>
    </Filter>
  </ItemGroup>
  <ItemGroup>
    <ClCompile Include="main.cpp">
      <Filter>win32</Filter>
    </ClCompile>
    <ClCompile Include="..\Classes\AppDelegate.cpp">
      <Filter>Classes</Filter>
    </ClCompile>
    <ClCompile Include="..\Classes\Tab.cpp">
      <Filter>Classes\Tab</Filter>
    </ClCompile>
    <ClCompile Include="..\Classes\Window.cpp">
      <Filter>Classes\Window</Filter>
    </ClCompile>
    <ClCompile Include="..\Classes\ChatWindow.cpp">
      <Filter>Classes\Window</Filter>
    </ClCompile>
    <ClCompile Include="..\Classes\GameManager.cpp">
      <Filter>Classes\Manager</Filter>
    </ClCompile>
    <ClCompile Include="..\Classes\GameScene.cpp">
      <Filter>Classes\Scene&amp;Layer</Filter>
    </ClCompile>
    <ClCompile Include="..\Classes\MainUILayer.cpp">
      <Filter>Classes\Scene&amp;Layer</Filter>
    </ClCompile>
    <ClCompile Include="..\Classes\MapTab.cpp">
      <Filter>Classes\Tab</Filter>
    </ClCompile>
    <ClCompile Include="..\Classes\Region.cpp">
      <Filter>Classes\Util</Filter>
    </ClCompile>
  </ItemGroup>
  <ItemGroup>
    <ClInclude Include="main.h">
      <Filter>win32</Filter>
    </ClInclude>
    <ClInclude Include="..\Classes\AppDelegate.h">
      <Filter>Classes</Filter>
    </ClInclude>
    <ClInclude Include="..\Classes\Tab.h">
      <Filter>Classes\Tab</Filter>
    </ClInclude>
    <ClInclude Include="..\Classes\Window.h">
      <Filter>Classes\Window</Filter>
    </ClInclude>
    <ClInclude Include="..\Classes\ChatWindow.h">
      <Filter>Classes\Window</Filter>
    </ClInclude>
    <ClInclude Include="..\Classes\GameManager.h">
      <Filter>Classes\Manager</Filter>
    </ClInclude>
    <ClInclude Include="..\Classes\GameScene.h">
      <Filter>Classes\Scene&amp;Layer</Filter>
    </ClInclude>
    <ClInclude Include="..\Classes\MainUILayer.h">
      <Filter>Classes\Scene&amp;Layer</Filter>
    </ClInclude>
    <ClInclude Include="..\Classes\MapTab.h">
      <Filter>Classes\Tab</Filter>
    </ClInclude>
    <ClInclude Include="..\Classes\macro.h">
      <Filter>Classes\Util</Filter>
    </ClInclude>
    <ClInclude Include="..\Classes\Region.h">
      <Filter>Classes\Util</Filter>
    </ClInclude>
  </ItemGroup>
  <ItemGroup>
    <ResourceCompile Include="game.rc">
      <Filter>resource</Filter>
    </ResourceCompile>
  </ItemGroup>
</Project>